
Microsoft Visual Studio Solution File, Format Version 12.00
# Visual Studio Express 2012 for Web
Project("{FAE04EC0-301F-11D3-BF4B-00C04F79EFBC}") = "BL_Compzit", "BL_Compzit\BL_Compzit.csproj", "{874AA314-3DB9-4977-AA7C-5CBBD5F72D87}"
EndProject
Project("{E24C65DC-7377-472B-9ABA-BC803B73C61A}") = "COMPZIT", "http://localhost:120", "{6483FB47-C7B3-4952-8BFE-C198DCECFDAC}"
	ProjectSection(WebsiteProperties) = preProject
		Frontpage = "false"
		UseIISExpress = "true"
		TargetFrameworkMoniker = ".NETFramework,Version%3Dv4.5"
		Debug.AspNetCompiler.VirtualPath = "/localhost_120"
		Debug.AspNetCompiler.PhysicalPath = "..\COMPZIT\"
		Debug.AspNetCompiler.TargetPath = "PrecompiledWeb\localhost_2637\"
		Debug.AspNetCompiler.Updateable = "true"
		Debug.AspNetCompiler.ForceOverwrite = "true"
		Debug.AspNetCompiler.FixedNames = "false"
		Debug.AspNetCompiler.Debug = "True"
		Release.AspNetCompiler.VirtualPath = "/localhost_2637"
		Release.AspNetCompiler.PhysicalPath = "..\COMPZIT\"
		Release.AspNetCompiler.TargetPath = "PrecompiledWeb\localhost_2637\"
		Release.AspNetCompiler.Updateable = "true"
		Release.AspNetCompiler.ForceOverwrite = "true"
		Release.AspNetCompiler.FixedNames = "false"
		Release.AspNetCompiler.Debug = "False"
		SlnRelativePath = "..\COMPZIT\"
	EndProjectSection
EndProject
Project("{FAE04EC0-301F-11D3-BF4B-00C04F79EFBC}") = "CL_Compzit", "CL_Compzit\CL_Compzit.csproj", "{BBEAC715-F3DB-452E-A6C3-98DFC868395C}"
EndProject
Project("{FAE04EC0-301F-11D3-BF4B-00C04F79EFBC}") = "DL_Compzit", "DL_Compzit\DL_Compzit.csproj", "{474EAE6A-C061-4122-9146-2AE3421A48DC}"
EndProject
Project("{FAE04EC0-301F-11D3-BF4B-00C04F79EFBC}") = "EL_Compzit", "EL_Compzit\EL_Compzit.csproj", "{B690E3BA-825B-4F48-AA3A-6FD4DE56C341}"
EndProject
Project("{FAE04EC0-301F-11D3-BF4B-00C04F79EFBC}") = "MailUtility_ERP", "MailUtility_ERP\MailUtility_ERP.csproj", "{FE31C81F-9549-47D4-A10D-865ACB9AF133}"
EndProject
Project("{FAE04EC0-301F-11D3-BF4B-00C04F79EFBC}") = "VolviarMail_ERP", "VolviarMail_ERP\VolviarMail_ERP.csproj", "{741BE94E-8054-4376-895C-617831BDBAF0}"
EndProject
Project("{FAE04EC0-301F-11D3-BF4B-00C04F79EFBC}") = "CompzitService", "CompzitService\CompzitService.csproj", "{C54F75F8-D352-47EB-BFCC-638D9F841DC2}"
EndProject
Project("{FAE04EC0-301F-11D3-BF4B-00C04F79EFBC}") = "OpenPop", "OpenPop\OpenPop.csproj", "{1F58545F-7C36-43C2-94BB-81DFB4930A9A}"
EndProject
Project("{FAE04EC0-301F-11D3-BF4B-00C04F79EFBC}") = "CKEditor.NET", "CKEditor.NET\CKEditor.NET.csproj", "{FC4500A9-8E83-46B0-87FA-86D44AB79AA7}"
EndProject
Project("{FAE04EC0-301F-11D3-BF4B-00C04F79EFBC}") = "CompzitServiceTest", "CompzitServiceTest\CompzitServiceTest.csproj", "{14BB1184-6E34-4690-82F3-77E0B0EDD192}"
EndProject
Global
	GlobalSection(SolutionConfigurationPlatforms) = preSolution
		Debug|Any CPU = Debug|Any CPU
		Release|Any CPU = Release|Any CPU
	EndGlobalSection
	GlobalSection(ProjectConfigurationPlatforms) = postSolution
		{874AA314-3DB9-4977-AA7C-5CBBD5F72D87}.Debug|Any CPU.ActiveCfg = Debug|Any CPU
		{874AA314-3DB9-4977-AA7C-5CBBD5F72D87}.Debug|Any CPU.Build.0 = Debug|Any CPU
		{874AA314-3DB9-4977-AA7C-5CBBD5F72D87}.Release|Any CPU.ActiveCfg = Release|Any CPU
		{874AA314-3DB9-4977-AA7C-5CBBD5F72D87}.Release|Any CPU.Build.0 = Release|Any CPU
		{6483FB47-C7B3-4952-8BFE-C198DCECFDAC}.Debug|Any CPU.ActiveCfg = Debug|Any CPU
		{6483FB47-C7B3-4952-8BFE-C198DCECFDAC}.Debug|Any CPU.Build.0 = Debug|Any CPU
		{6483FB47-C7B3-4952-8BFE-C198DCECFDAC}.Release|Any CPU.ActiveCfg = Debug|Any CPU
		{6483FB47-C7B3-4952-8BFE-C198DCECFDAC}.Release|Any CPU.Build.0 = Debug|Any CPU
		{BBEAC715-F3DB-452E-A6C3-98DFC868395C}.Debug|Any CPU.ActiveCfg = Debug|Any CPU
		{BBEAC715-F3DB-452E-A6C3-98DFC868395C}.Debug|Any CPU.Build.0 = Debug|Any CPU
		{BBEAC715-F3DB-452E-A6C3-98DFC868395C}.Release|Any CPU.ActiveCfg = Release|Any CPU
		{BBEAC715-F3DB-452E-A6C3-98DFC868395C}.Release|Any CPU.Build.0 = Release|Any CPU
		{474EAE6A-C061-4122-9146-2AE3421A48DC}.Debug|Any CPU.ActiveCfg = Debug|Any CPU
		{474EAE6A-C061-4122-9146-2AE3421A48DC}.Debug|Any CPU.Build.0 = Debug|Any CPU
		{474EAE6A-C061-4122-9146-2AE3421A48DC}.Release|Any CPU.ActiveCfg = Release|Any CPU
		{474EAE6A-C061-4122-9146-2AE3421A48DC}.Release|Any CPU.Build.0 = Release|Any CPU
		{B690E3BA-825B-4F48-AA3A-6FD4DE56C341}.Debug|Any CPU.ActiveCfg = Debug|Any CPU
		{B690E3BA-825B-4F48-AA3A-6FD4DE56C341}.Debug|Any CPU.Build.0 = Debug|Any CPU
		{B690E3BA-825B-4F48-AA3A-6FD4DE56C341}.Release|Any CPU.ActiveCfg = Release|Any CPU
		{B690E3BA-825B-4F48-AA3A-6FD4DE56C341}.Release|Any CPU.Build.0 = Release|Any CPU
		{FE31C81F-9549-47D4-A10D-865ACB9AF133}.Debug|Any CPU.ActiveCfg = Debug|Any CPU
		{FE31C81F-9549-47D4-A10D-865ACB9AF133}.Debug|Any CPU.Build.0 = Debug|Any CPU
		{FE31C81F-9549-47D4-A10D-865ACB9AF133}.Release|Any CPU.ActiveCfg = Release|Any CPU
		{FE31C81F-9549-47D4-A10D-865ACB9AF133}.Release|Any CPU.Build.0 = Release|Any CPU
		{741BE94E-8054-4376-895C-617831BDBAF0}.Debug|Any CPU.ActiveCfg = Debug|Any CPU
		{741BE94E-8054-4376-895C-617831BDBAF0}.Debug|Any CPU.Build.0 = Debug|Any CPU
		{741BE94E-8054-4376-895C-617831BDBAF0}.Release|Any CPU.ActiveCfg = Release|Any CPU
		{741BE94E-8054-4376-895C-617831BDBAF0}.Release|Any CPU.Build.0 = Release|Any CPU
		{C54F75F8-D352-47EB-BFCC-638D9F841DC2}.Debug|Any CPU.ActiveCfg = Debug|Any CPU
		{C54F75F8-D352-47EB-BFCC-638D9F841DC2}.Debug|Any CPU.Build.0 = Debug|Any CPU
		{C54F75F8-D352-47EB-BFCC-638D9F841DC2}.Release|Any CPU.ActiveCfg = Release|Any CPU
		{C54F75F8-D352-47EB-BFCC-638D9F841DC2}.Release|Any CPU.Build.0 = Release|Any CPU
		{1F58545F-7C36-43C2-94BB-81DFB4930A9A}.Debug|Any CPU.ActiveCfg = Debug|Any CPU
		{1F58545F-7C36-43C2-94BB-81DFB4930A9A}.Debug|Any CPU.Build.0 = Debug|Any CPU
		{1F58545F-7C36-43C2-94BB-81DFB4930A9A}.Release|Any CPU.ActiveCfg = Release|Any CPU
		{1F58545F-7C36-43C2-94BB-81DFB4930A9A}.Release|Any CPU.Build.0 = Release|Any CPU
		{FC4500A9-8E83-46B0-87FA-86D44AB79AA7}.Debug|Any CPU.ActiveCfg = Debug|Any CPU
		{FC4500A9-8E83-46B0-87FA-86D44AB79AA7}.Debug|Any CPU.Build.0 = Debug|Any CPU
		{FC4500A9-8E83-46B0-87FA-86D44AB79AA7}.Release|Any CPU.ActiveCfg = Release|Any CPU
		{FC4500A9-8E83-46B0-87FA-86D44AB79AA7}.Release|Any CPU.Build.0 = Release|Any CPU
		{14BB1184-6E34-4690-82F3-77E0B0EDD192}.Debug|Any CPU.ActiveCfg = Debug|Any CPU
		{14BB1184-6E34-4690-82F3-77E0B0EDD192}.Debug|Any CPU.Build.0 = Debug|Any CPU
		{14BB1184-6E34-4690-82F3-77E0B0EDD192}.Release|Any CPU.ActiveCfg = Release|Any CPU
		{14BB1184-6E34-4690-82F3-77E0B0EDD192}.Release|Any CPU.Build.0 = Release|Any CPU
	EndGlobalSection
	GlobalSection(SolutionProperties) = preSolution
		HideSolutionNode = FALSE
	EndGlobalSection
EndGlobal
